
Microsoft Visual Studio Solution File, Format Version 12.00
# Visual Studio Version 17
VisualStudioVersion = 17.5.33627.172
MinimumVisualStudioVersion = 10.0.40219.1
Project("{8BC9CEB8-8B4A-11D0-8D11-00A0C91BC942}") = "BOJ_17144", "BOJ_17144.vcxproj", "{FFCEA515-FFF1-42E2-AFB8-22CEC18E38D1}"
EndProject
Global
	GlobalSection(SolutionConfigurationPlatforms) = preSolution
		Debug|x64 = Debug|x64
		Release|x64 = Release|x64
	EndGlobalSection
	GlobalSection(ProjectConfigurationPlatforms) = postSolution
		{FFCEA515-FFF1-42E2-AFB8-22CEC18E38D1}.Debug|x64.ActiveCfg = Debug|x64
		{FFCEA515-FFF1-42E2-AFB8-22CEC18E38D1}.Debug|x64.Build.0 = Debug|x64
		{FFCEA515-FFF1-42E2-AFB8-22CEC18E38D1}.Release|x64.ActiveCfg = Release|x64
		{FFCEA515-FFF1-42E2-AFB8-22CEC18E38D1}.Release|x64.Build.0 = Release|x64
	EndGlobalSection
	GlobalSection(SolutionProperties) = preSolution
		HideSolutionNode = FALSE
	EndGlobalSection
	GlobalSection(ExtensibilityGlobals) = postSolution
		SolutionGuid = {55C0021F-8D15-4096-8919-03C1A3F85D63}
	EndGlobalSection
EndGlobal
